
Microsoft Visual Studio Solution File, Format Version 12.00
# Visual Studio Version 17
VisualStudioVersion = 17.4.33205.214
MinimumVisualStudioVersion = 10.0.40219.1
Project("{9A19103F-16F7-4668-BE54-9A1E7A4F7556}") = "Bank", "WebApplication1\Bank.csproj", "{E79B1CBA-1890-4629-8FAE-248DCA1973EC}"
EndProject
Project("{9A19103F-16F7-4668-BE54-9A1E7A4F7556}") = "Bank.Models", "Bank.Models\Bank.Models.csproj", "{6AE9E162-1FC6-425F-A0DA-DF1231A49CF7}"
EndProject
Project("{9A19103F-16F7-4668-BE54-9A1E7A4F7556}") = "Bank.Data", "Bank.Data\Bank.Data.csproj", "{984A10C7-5C2B-40FC-BB5F-71D0D60EF891}"
EndProject
Project("{9A19103F-16F7-4668-BE54-9A1E7A4F7556}") = "Bank.Service", "Bank.Service\Bank.Service.csproj", "{28407E19-4EF0-4AD5-9F30-FB42C88F2EB7}"
EndProject
Project("{9A19103F-16F7-4668-BE54-9A1E7A4F7556}") = "ExceptionHandler", "ExceptionHandler\ExceptionHandler.csproj", "{BA6B857C-F6AE-42FA-86EC-B71CC9AAED5B}"
EndProject
Project("{FAE04EC0-301F-11D3-BF4B-00C04F79EFBC}") = "Bank.Infrastructure", "Bank.Infrastructure\Bank.Infrastructure.csproj", "{43647AB0-7C2E-4A9E-B44B-BD6BCE01969A}"
EndProject
Global
	GlobalSection(SolutionConfigurationPlatforms) = preSolution
		Debug|Any CPU = Debug|Any CPU
		Release|Any CPU = Release|Any CPU
	EndGlobalSection
	GlobalSection(ProjectConfigurationPlatforms) = postSolution
		{E79B1CBA-1890-4629-8FAE-248DCA1973EC}.Debug|Any CPU.ActiveCfg = Debug|Any CPU
		{E79B1CBA-1890-4629-8FAE-248DCA1973EC}.Debug|Any CPU.Build.0 = Debug|Any CPU
		{E79B1CBA-1890-4629-8FAE-248DCA1973EC}.Release|Any CPU.ActiveCfg = Release|Any CPU
		{E79B1CBA-1890-4629-8FAE-248DCA1973EC}.Release|Any CPU.Build.0 = Release|Any CPU
		{6AE9E162-1FC6-425F-A0DA-DF1231A49CF7}.Debug|Any CPU.ActiveCfg = Debug|Any CPU
		{6AE9E162-1FC6-425F-A0DA-DF1231A49CF7}.Debug|Any CPU.Build.0 = Debug|Any CPU
		{6AE9E162-1FC6-425F-A0DA-DF1231A49CF7}.Release|Any CPU.ActiveCfg = Release|Any CPU
		{6AE9E162-1FC6-425F-A0DA-DF1231A49CF7}.Release|Any CPU.Build.0 = Release|Any CPU
		{984A10C7-5C2B-40FC-BB5F-71D0D60EF891}.Debug|Any CPU.ActiveCfg = Debug|Any CPU
		{984A10C7-5C2B-40FC-BB5F-71D0D60EF891}.Debug|Any CPU.Build.0 = Debug|Any CPU
		{984A10C7-5C2B-40FC-BB5F-71D0D60EF891}.Release|Any CPU.ActiveCfg = Release|Any CPU
		{984A10C7-5C2B-40FC-BB5F-71D0D60EF891}.Release|Any CPU.Build.0 = Release|Any CPU
		{28407E19-4EF0-4AD5-9F30-FB42C88F2EB7}.Debug|Any CPU.ActiveCfg = Debug|Any CPU
		{28407E19-4EF0-4AD5-9F30-FB42C88F2EB7}.Debug|Any CPU.Build.0 = Debug|Any CPU
		{28407E19-4EF0-4AD5-9F30-FB42C88F2EB7}.Release|Any CPU.ActiveCfg = Release|Any CPU
		{28407E19-4EF0-4AD5-9F30-FB42C88F2EB7}.Release|Any CPU.Build.0 = Release|Any CPU
		{BA6B857C-F6AE-42FA-86EC-B71CC9AAED5B}.Debug|Any CPU.ActiveCfg = Debug|Any CPU
		{BA6B857C-F6AE-42FA-86EC-B71CC9AAED5B}.Debug|Any CPU.Build.0 = Debug|Any CPU
		{BA6B857C-F6AE-42FA-86EC-B71CC9AAED5B}.Release|Any CPU.ActiveCfg = Release|Any CPU
		{BA6B857C-F6AE-42FA-86EC-B71CC9AAED5B}.Release|Any CPU.Build.0 = Release|Any CPU
		{43647AB0-7C2E-4A9E-B44B-BD6BCE01969A}.Debug|Any CPU.ActiveCfg = Debug|Any CPU
		{43647AB0-7C2E-4A9E-B44B-BD6BCE01969A}.Debug|Any CPU.Build.0 = Debug|Any CPU
		{43647AB0-7C2E-4A9E-B44B-BD6BCE01969A}.Release|Any CPU.ActiveCfg = Release|Any CPU
		{43647AB0-7C2E-4A9E-B44B-BD6BCE01969A}.Release|Any CPU.Build.0 = Release|Any CPU
	EndGlobalSection
	GlobalSection(SolutionProperties) = preSolution
		HideSolutionNode = FALSE
	EndGlobalSection
	GlobalSection(ExtensibilityGlobals) = postSolution
		SolutionGuid = {956A3F5D-C3FC-4B7F-8C2D-64A4104B3E93}
	EndGlobalSection
EndGlobal
