
Microsoft Visual Studio Solution File, Format Version 12.00
# Visual Studio Version 17
VisualStudioVersion = 17.4.33205.214
MinimumVisualStudioVersion = 10.0.40219.1
Project("{9A19103F-16F7-4668-BE54-9A1E7A4F7556}") = "WebApplication1", "WebApplication1\WebApplication1.csproj", "{E79B1CBA-1890-4629-8FAE-248DCA1973EC}"
EndProject
Project("{FAE04EC0-301F-11D3-BF4B-00C04F79EFBC}") = "CurrencyConversion", "CurrencyConversion\CurrencyConversion.csproj", "{050D8D04-F887-49DA-B3D5-4D127E0600E7}"
EndProject
Project("{FAE04EC0-301F-11D3-BF4B-00C04F79EFBC}") = "ClassLibrary2", "ClassLibrary2\ClassLibrary2.csproj", "{59F16906-7411-454A-BB2E-7C952432F336}"
EndProject
Global
	GlobalSection(SolutionConfigurationPlatforms) = preSolution
		Debug|Any CPU = Debug|Any CPU
		Release|Any CPU = Release|Any CPU
	EndGlobalSection
	GlobalSection(ProjectConfigurationPlatforms) = postSolution
		{E79B1CBA-1890-4629-8FAE-248DCA1973EC}.Debug|Any CPU.ActiveCfg = Debug|Any CPU
		{E79B1CBA-1890-4629-8FAE-248DCA1973EC}.Debug|Any CPU.Build.0 = Debug|Any CPU
		{E79B1CBA-1890-4629-8FAE-248DCA1973EC}.Release|Any CPU.ActiveCfg = Release|Any CPU
		{E79B1CBA-1890-4629-8FAE-248DCA1973EC}.Release|Any CPU.Build.0 = Release|Any CPU
		{050D8D04-F887-49DA-B3D5-4D127E0600E7}.Debug|Any CPU.ActiveCfg = Debug|Any CPU
		{050D8D04-F887-49DA-B3D5-4D127E0600E7}.Debug|Any CPU.Build.0 = Debug|Any CPU
		{050D8D04-F887-49DA-B3D5-4D127E0600E7}.Release|Any CPU.ActiveCfg = Release|Any CPU
		{050D8D04-F887-49DA-B3D5-4D127E0600E7}.Release|Any CPU.Build.0 = Release|Any CPU
		{59F16906-7411-454A-BB2E-7C952432F336}.Debug|Any CPU.ActiveCfg = Debug|Any CPU
		{59F16906-7411-454A-BB2E-7C952432F336}.Debug|Any CPU.Build.0 = Debug|Any CPU
		{59F16906-7411-454A-BB2E-7C952432F336}.Release|Any CPU.ActiveCfg = Release|Any CPU
		{59F16906-7411-454A-BB2E-7C952432F336}.Release|Any CPU.Build.0 = Release|Any CPU
	EndGlobalSection
	GlobalSection(SolutionProperties) = preSolution
		HideSolutionNode = FALSE
	EndGlobalSection
	GlobalSection(ExtensibilityGlobals) = postSolution
		SolutionGuid = {956A3F5D-C3FC-4B7F-8C2D-64A4104B3E93}
	EndGlobalSection
EndGlobal
